
Microsoft Visual Studio Solution File, Format Version 12.00
# Visual Studio 14
VisualStudioVersion = 14.0.25420.1
MinimumVisualStudioVersion = 10.0.40219.1
Project("{FAE04EC0-301F-11D3-BF4B-00C04F79EFBC}") = "Niit.Ot", "Niit.Ot\Niit.Ot.csproj", "{64FA6285-6C9C-48B1-A672-190190560B81}"
EndProject
Project("{FAE04EC0-301F-11D3-BF4B-00C04F79EFBC}") = "Niit.Ot.Tests", "Niit.Ot.Tests\Niit.Ot.Tests.csproj", "{86827ACE-F11F-41CD-BB55-F8137DB6F8C8}"
EndProject
Global
	GlobalSection(SolutionConfigurationPlatforms) = preSolution
		Debug|Any CPU = Debug|Any CPU
		Release|Any CPU = Release|Any CPU
	EndGlobalSection
	GlobalSection(ProjectConfigurationPlatforms) = postSolution
		{64FA6285-6C9C-48B1-A672-190190560B81}.Debug|Any CPU.ActiveCfg = Debug|Any CPU
		{64FA6285-6C9C-48B1-A672-190190560B81}.Debug|Any CPU.Build.0 = Debug|Any CPU
		{64FA6285-6C9C-48B1-A672-190190560B81}.Release|Any CPU.ActiveCfg = Release|Any CPU
		{64FA6285-6C9C-48B1-A672-190190560B81}.Release|Any CPU.Build.0 = Release|Any CPU
		{86827ACE-F11F-41CD-BB55-F8137DB6F8C8}.Debug|Any CPU.ActiveCfg = Debug|Any CPU
		{86827ACE-F11F-41CD-BB55-F8137DB6F8C8}.Debug|Any CPU.Build.0 = Debug|Any CPU
		{86827ACE-F11F-41CD-BB55-F8137DB6F8C8}.Release|Any CPU.ActiveCfg = Release|Any CPU
		{86827ACE-F11F-41CD-BB55-F8137DB6F8C8}.Release|Any CPU.Build.0 = Release|Any CPU
	EndGlobalSection
	GlobalSection(SolutionProperties) = preSolution
		HideSolutionNode = FALSE
	EndGlobalSection
EndGlobal
